
Microsoft Visual Studio Solution File, Format Version 12.00
# Visual Studio Version 16
VisualStudioVersion = 16.0.31729.503
MinimumVisualStudioVersion = 10.0.40219.1
Project("{FAE04EC0-301F-11D3-BF4B-00C04F79EFBC}") = "ParrotIncSquawk", "ParrotIncSquawk\ParrotIncSquawk.csproj", "{280EDF2B-B584-4E55-A4DA-9E5AAA2BC25B}"
EndProject
Global
	GlobalSection(SolutionConfigurationPlatforms) = preSolution
		Debug|Any CPU = Debug|Any CPU
		Release|Any CPU = Release|Any CPU
	EndGlobalSection
	GlobalSection(ProjectConfigurationPlatforms) = postSolution
		{280EDF2B-B584-4E55-A4DA-9E5AAA2BC25B}.Debug|Any CPU.ActiveCfg = Debug|Any CPU
		{280EDF2B-B584-4E55-A4DA-9E5AAA2BC25B}.Debug|Any CPU.Build.0 = Debug|Any CPU
		{280EDF2B-B584-4E55-A4DA-9E5AAA2BC25B}.Release|Any CPU.ActiveCfg = Release|Any CPU
		{280EDF2B-B584-4E55-A4DA-9E5AAA2BC25B}.Release|Any CPU.Build.0 = Release|Any CPU
	EndGlobalSection
	GlobalSection(SolutionProperties) = preSolution
		HideSolutionNode = FALSE
	EndGlobalSection
	GlobalSection(ExtensibilityGlobals) = postSolution
		SolutionGuid = {F89A4AB6-1274-4DB2-9EF2-66A58A6F34B2}
	EndGlobalSection
EndGlobal
